dependencies:
  espressif/esp-dl:
    component_hash: f451adb8650cf7cbfd94001d07099190cc15273156fc53f748a1288b727c48cb
    dependencies:
    - name: espressif/esp_jpeg
      registry_url: https://components.espressif.com
      require: private
      version: ^1.0.5~3
    - name: idf
      require: private
      version: '>=5.3'
    source:
      registry_url: https://components.espressif.com/
      type: service
    targets:
    - esp32s3
    - esp32p4
    version: 3.1.2
  espressif/esp-dsp:
    component_hash: 42dce32d46ac93dc11f60d368e29a830e9661c7345d794b8a45c343479cae636
    dependencies:
    - name: idf
      require: private
      version: '>=4.2'
    source:
      registry_url: https://components.espressif.com/
      type: service
    version: 1.7.0
  espressif/esp32-camera:
    component_hash: b209707f12aff1683c5c9dfaff3fa60f0eca687f2bf74f133cdef68fbae86028
    dependencies:
    - name: espressif/esp_jpeg
      registry_url: https://components.espressif.com
      require: public
      version: ^1.3.0
    - name: idf
      require: private
      version: '>=5.1'
    source:
      registry_url: https://components.espressif.com/
      type: service
    version: 2.1.2
  espressif/esp_jpeg:
    component_hash: defb83669293cbf86d0fa86b475ba5517aceed04ed70db435388c151ab37b5d7
    dependencies:
    - name: idf
      require: private
      version: '>=5.0'
    source:
      registry_url: https://components.espressif.com
      type: service
    version: 1.3.1
  espressif/esp_new_jpeg:
    component_hash: 7c07831bbf11d15f84f42dc0e127094c78063b03d0dce688495773656f998d2b
    dependencies: []
    source:
      registry_url: https://components.espressif.com/
      type: service
    targets:
    - esp32
    - esp32s2
    - esp32s3
    - esp32p4
    - esp32c2
    - esp32c3
    - esp32c5
    - esp32c6
    version: 0.5.1
  espressif/opencv:
    component_hash: 9a5e4f3453048ab05419bbef0e5ab67cc98be5e0d51d8a194f41c167c63921d5
    dependencies:
    - name: idf
      require: private
      version: '>=4.4'
    source:
      registry_url: https://components.espressif.com/
      type: service
    targets:
    - esp32
    - esp32s2
    - esp32s3
    - esp32p4
    version: 4.10.0~3
  espressif/servo:
    component_hash: 309c787e48224255fad458cfd9ab86ea53f0fdad1c5e4f6f0c50309990b17108
    dependencies:
    - name: idf
      require: private
      version: '>=4.4'
    source:
      registry_url: https://components.espressif.com/
      type: service
    version: 0.1.0
  idf:
    source:
      type: idf
    version: 5.4.0
direct_dependencies:
- espressif/esp-dl
- espressif/esp-dsp
- espressif/esp32-camera
- espressif/esp_new_jpeg
- espressif/opencv
- espressif/servo
- idf
manifest_hash: 68f15f0e5459af3a3fd12b9b0102f32991735d84e3ca5763b1ef9cc987615199
target: esp32s3
version: 2.0.0
